
Microsoft Visual Studio Solution File, Format Version 12.00
# Visual Studio 14
VisualStudioVersion = 14.0.25420.1
MinimumVisualStudioVersion = 10.0.40219.1
Project("{FAE04EC0-301F-11D3-BF4B-00C04F79EFBC}") = "FileBrowser", "FileBrowser\FileBrowser.csproj", "{BB157F21-6551-4116-A427-8AD55A64CA67}"
EndProject
Project("{2150E333-8FDC-42A3-9474-1A3956D46DE8}") = "Solution Items", "Solution Items", "{F762AC96-E6E9-4E04-9B7F-6577B0A6BCA4}"
	ProjectSection(SolutionItems) = preProject
		.gitattributes = .gitattributes
		.gitignore = .gitignore
	EndProjectSection
EndProject
Global
	GlobalSection(SolutionConfigurationPlatforms) = preSolution
		Debug|Any CPU = Debug|Any CPU
		Release|Any CPU = Release|Any CPU
	EndGlobalSection
	GlobalSection(ProjectConfigurationPlatforms) = postSolution
		{BB157F21-6551-4116-A427-8AD55A64CA67}.Debug|Any CPU.ActiveCfg = Debug|Any CPU
		{BB157F21-6551-4116-A427-8AD55A64CA67}.Debug|Any CPU.Build.0 = Debug|Any CPU
		{BB157F21-6551-4116-A427-8AD55A64CA67}.Release|Any CPU.ActiveCfg = Release|Any CPU
		{BB157F21-6551-4116-A427-8AD55A64CA67}.Release|Any CPU.Build.0 = Release|Any CPU
	EndGlobalSection
	GlobalSection(SolutionProperties) = preSolution
		HideSolutionNode = FALSE
	EndGlobalSection
EndGlobal
